
Microsoft Visual Studio Solution File, Format Version 12.00
# Visual Studio Version 16
VisualStudioVersion = 16.0.31515.178
MinimumVisualStudioVersion = 10.0.40219.1
Project("{9A19103F-16F7-4668-BE54-9A1E7A4F7556}") = "Collections", "Collections\Collections.csproj", "{57D5CD5E-7D3C-4124-8783-9B2D00BF9B49}"
EndProject
Project("{9A19103F-16F7-4668-BE54-9A1E7A4F7556}") = "LambdaExpression", "LambdaExpression\LambdaExpression.csproj", "{58144EBF-A0F5-4576-9BC9-5BB5DD262728}"
EndProject
Project("{9A19103F-16F7-4668-BE54-9A1E7A4F7556}") = "DelegatesEventsExamples", "DelegatesEventsExamples\DelegatesEventsExamples.csproj", "{2456F16B-F7F2-455F-885D-DBFCDCD65518}"
EndProject
Project("{FAE04EC0-301F-11D3-BF4B-00C04F79EFBC}") = "DelegatesExercise", "DelegatesExercise\DelegatesExercise.csproj", "{4E96B2B3-1E78-441D-A611-95DFB3962ABD}"
EndProject
Project("{FAE04EC0-301F-11D3-BF4B-00C04F79EFBC}") = "OrderSystemBusinessLibrary", "OrderSystemBusinessLibrary\OrderSystemBusinessLibrary.csproj", "{199B0C58-9FAD-4842-941B-3375BCE7E737}"
EndProject
Project("{FAE04EC0-301F-11D3-BF4B-00C04F79EFBC}") = "OrderSystem", "OrderSystem\OrderSystem.csproj", "{3A57282D-216F-4A8A-9877-EB0A2DE91D02}"
EndProject
Project("{FAE04EC0-301F-11D3-BF4B-00C04F79EFBC}") = "Test", "Test\Test.csproj", "{F707F03E-7E35-4F71-8BFB-B42B98F91A0B}"
EndProject
Global
	GlobalSection(SolutionConfigurationPlatforms) = preSolution
		Debug|Any CPU = Debug|Any CPU
		Release|Any CPU = Release|Any CPU
	EndGlobalSection
	GlobalSection(ProjectConfigurationPlatforms) = postSolution
		{57D5CD5E-7D3C-4124-8783-9B2D00BF9B49}.Debug|Any CPU.ActiveCfg = Debug|Any CPU
		{57D5CD5E-7D3C-4124-8783-9B2D00BF9B49}.Debug|Any CPU.Build.0 = Debug|Any CPU
		{57D5CD5E-7D3C-4124-8783-9B2D00BF9B49}.Release|Any CPU.ActiveCfg = Release|Any CPU
		{57D5CD5E-7D3C-4124-8783-9B2D00BF9B49}.Release|Any CPU.Build.0 = Release|Any CPU
		{58144EBF-A0F5-4576-9BC9-5BB5DD262728}.Debug|Any CPU.ActiveCfg = Debug|Any CPU
		{58144EBF-A0F5-4576-9BC9-5BB5DD262728}.Debug|Any CPU.Build.0 = Debug|Any CPU
		{58144EBF-A0F5-4576-9BC9-5BB5DD262728}.Release|Any CPU.ActiveCfg = Release|Any CPU
		{58144EBF-A0F5-4576-9BC9-5BB5DD262728}.Release|Any CPU.Build.0 = Release|Any CPU
		{2456F16B-F7F2-455F-885D-DBFCDCD65518}.Debug|Any CPU.ActiveCfg = Debug|Any CPU
		{2456F16B-F7F2-455F-885D-DBFCDCD65518}.Debug|Any CPU.Build.0 = Debug|Any CPU
		{2456F16B-F7F2-455F-885D-DBFCDCD65518}.Release|Any CPU.ActiveCfg = Release|Any CPU
		{2456F16B-F7F2-455F-885D-DBFCDCD65518}.Release|Any CPU.Build.0 = Release|Any CPU
		{4E96B2B3-1E78-441D-A611-95DFB3962ABD}.Debug|Any CPU.ActiveCfg = Debug|Any CPU
		{4E96B2B3-1E78-441D-A611-95DFB3962ABD}.Debug|Any CPU.Build.0 = Debug|Any CPU
		{4E96B2B3-1E78-441D-A611-95DFB3962ABD}.Release|Any CPU.ActiveCfg = Release|Any CPU
		{4E96B2B3-1E78-441D-A611-95DFB3962ABD}.Release|Any CPU.Build.0 = Release|Any CPU
		{199B0C58-9FAD-4842-941B-3375BCE7E737}.Debug|Any CPU.ActiveCfg = Debug|Any CPU
		{199B0C58-9FAD-4842-941B-3375BCE7E737}.Debug|Any CPU.Build.0 = Debug|Any CPU
		{199B0C58-9FAD-4842-941B-3375BCE7E737}.Release|Any CPU.ActiveCfg = Release|Any CPU
		{199B0C58-9FAD-4842-941B-3375BCE7E737}.Release|Any CPU.Build.0 = Release|Any CPU
		{3A57282D-216F-4A8A-9877-EB0A2DE91D02}.Debug|Any CPU.ActiveCfg = Debug|Any CPU
		{3A57282D-216F-4A8A-9877-EB0A2DE91D02}.Debug|Any CPU.Build.0 = Debug|Any CPU
		{3A57282D-216F-4A8A-9877-EB0A2DE91D02}.Release|Any CPU.ActiveCfg = Release|Any CPU
		{3A57282D-216F-4A8A-9877-EB0A2DE91D02}.Release|Any CPU.Build.0 = Release|Any CPU
		{F707F03E-7E35-4F71-8BFB-B42B98F91A0B}.Debug|Any CPU.ActiveCfg = Debug|Any CPU
		{F707F03E-7E35-4F71-8BFB-B42B98F91A0B}.Debug|Any CPU.Build.0 = Debug|Any CPU
		{F707F03E-7E35-4F71-8BFB-B42B98F91A0B}.Release|Any CPU.ActiveCfg = Release|Any CPU
		{F707F03E-7E35-4F71-8BFB-B42B98F91A0B}.Release|Any CPU.Build.0 = Release|Any CPU
	EndGlobalSection
	GlobalSection(SolutionProperties) = preSolution
		HideSolutionNode = FALSE
	EndGlobalSection
	GlobalSection(ExtensibilityGlobals) = postSolution
		SolutionGuid = {D12A79F4-64B6-4704-A8C8-CD80189C5E6A}
	EndGlobalSection
EndGlobal
